// !$*UTF8*$!
{
	archiveVersion = 1;
	classes = {
	};
	objectVersion = 46;
	objects = {

/* Begin PBXBuildFile section */
		2005BDDE1D17E53800AA9814 /* LoadingViewController.m in Sources */ = {isa = PBXBuildFile; fileRef = 2005BDDC1D17E53800AA9814 /* LoadingViewController.m */; };
		2005BDE31D17E6FB00AA9814 /* ControlLoadingViewController.m in Sources */ = {isa = PBXBuildFile; fileRef = 2005BDE11D17E6FB00AA9814 /* ControlLoadingViewController.m */; };
		2005BDE41D17E6FB00AA9814 /* ControlLoadingViewController.xib in Resources */ = {isa = PBXBuildFile; fileRef = 2005BDE21D17E6FB00AA9814 /* ControlLoadingViewController.xib */; };
		2005BDE81D17EF1100AA9814 /* LoadingBaseViewController.m in Sources */ = {isa = PBXBuildFile; fileRef = 2005BDE61D17EF1100AA9814 /* LoadingBaseViewController.m */; };
		2005BDEB1D17F5FB00AA9814 /* LoadingViewController.xib in Resources */ = {isa = PBXBuildFile; fileRef = 2005BDEA1D17F5FB00AA9814 /* LoadingViewController.xib */; };
		204989711D0CFDE000894ACF /* NavBackItemViewController.m in Sources */ = {isa = PBXBuildFile; fileRef = 2049896F1D0CFDE000894ACF /* NavBackItemViewController.m */; };
		204989751D0D003900894ACF /* BaseViewController.m in Sources */ = {isa = PBXBuildFile; fileRef = 204989741D0D003900894ACF /* BaseViewController.m */; };
		204989791D0D04DA00894ACF /* ButtonBlockViewController.m in Sources */ = {isa = PBXBuildFile; fileRef = 204989781D0D04DA00894ACF /* ButtonBlockViewController.m */; };
		2049897D1D0D058100894ACF /* ButtonBlockViewController.xib in Resources */ = {isa = PBXBuildFile; fileRef = 2049897C1D0D058100894ACF /* ButtonBlockViewController.xib */; };
		204989821D0D06ED00894ACF /* DashLineViewController.m in Sources */ = {isa = PBXBuildFile; fileRef = 204989801D0D06ED00894ACF /* DashLineViewController.m */; };
		204989871D0D0EBD00894ACF /* CropViewController.m in Sources */ = {isa = PBXBuildFile; fileRef = 204989861D0D0EBD00894ACF /* CropViewController.m */; };
		204989891D0D0F3400894ACF /* CropViewController.xib in Resources */ = {isa = PBXBuildFile; fileRef = 204989881D0D0F3400894ACF /* CropViewController.xib */; };
		204B2E8F1D10039100F9C88C /* HideNavLineViewController.m in Sources */ = {isa = PBXBuildFile; fileRef = 204B2E8D1D10039100F9C88C /* HideNavLineViewController.m */; };
		204B2E901D10039100F9C88C /* HideNavLineViewController.xib in Resources */ = {isa = PBXBuildFile; fileRef = 204B2E8E1D10039100F9C88C /* HideNavLineViewController.xib */; };
		204B2E961D1008EA00F9C88C /* DashLineViewController.xib in Resources */ = {isa = PBXBuildFile; fileRef = 204B2E951D1008EA00F9C88C /* DashLineViewController.xib */; };
		205398AB1D0D2C2600B34DA1 /* ColorViewController.m in Sources */ = {isa = PBXBuildFile; fileRef = 205398AA1D0D2C2600B34DA1 /* ColorViewController.m */; };
		205398AD1D0D2CDF00B34DA1 /* ColorViewController.xib in Resources */ = {isa = PBXBuildFile; fileRef = 205398AC1D0D2CDF00B34DA1 /* ColorViewController.xib */; };
		205398B71D0D41BC00B34DA1 /* ImageColorViewController.m in Sources */ = {isa = PBXBuildFile; fileRef = 205398B51D0D41BC00B34DA1 /* ImageColorViewController.m */; };
		205398B81D0D41BC00B34DA1 /* ImageColorViewController.xib in Resources */ = {isa = PBXBuildFile; fileRef = 205398B61D0D41BC00B34DA1 /* ImageColorViewController.xib */; };
		205398BD1D0D45DA00B34DA1 /* ImageSizeViewController.m in Sources */ = {isa = PBXBuildFile; fileRef = 205398BB1D0D45DA00B34DA1 /* ImageSizeViewController.m */; };
		205398BE1D0D45DA00B34DA1 /* ImageSizeViewController.xib in Resources */ = {isa = PBXBuildFile; fileRef = 205398BC1D0D45DA00B34DA1 /* ImageSizeViewController.xib */; };
		205398D31D0D5F2E00B34DA1 /* FlexContentViewController.m in Sources */ = {isa = PBXBuildFile; fileRef = 205398D11D0D5F2E00B34DA1 /* FlexContentViewController.m */; };
		205398D41D0D5F2E00B34DA1 /* FlexContentViewController.xib in Resources */ = {isa = PBXBuildFile; fileRef = 205398D21D0D5F2E00B34DA1 /* FlexContentViewController.xib */; };
		205398DE1D0D64F500B34DA1 /* ButtonImagePositionViewController.m in Sources */ = {isa = PBXBuildFile; fileRef = 205398DC1D0D64F500B34DA1 /* ButtonImagePositionViewController.m */; };
		205398DF1D0D64F500B34DA1 /* ButtonImagePositionViewController.xib in Resources */ = {isa = PBXBuildFile; fileRef = 205398DD1D0D64F500B34DA1 /* ButtonImagePositionViewController.xib */; };
		2059AF811D7D3BD200C6DE23 /* QRCodeViewController.m in Sources */ = {isa = PBXBuildFile; fileRef = 2059AF7F1D7D3BD200C6DE23 /* QRCodeViewController.m */; };
		2059AF821D7D3BD200C6DE23 /* QRCodeViewController.xib in Resources */ = {isa = PBXBuildFile; fileRef = 2059AF801D7D3BD200C6DE23 /* QRCodeViewController.xib */; };
		2079C1181D10EFFF00A4315A /* GradientViewController.m in Sources */ = {isa = PBXBuildFile; fileRef = 2079C1161D10EFFF00A4315A /* GradientViewController.m */; };
		2079C1191D10EFFF00A4315A /* GradientViewController.xib in Resources */ = {isa = PBXBuildFile; fileRef = 2079C1171D10EFFF00A4315A /* GradientViewController.xib */; };
		2079C1A21D11207900A4315A /* PopPresentingViewController.m in Sources */ = {isa = PBXBuildFile; fileRef = 2079C1A01D11207900A4315A /* PopPresentingViewController.m */; };
		2079C1A31D11207900A4315A /* PopPresentingViewController.xib in Resources */ = {isa = PBXBuildFile; fileRef = 2079C1A11D11207900A4315A /* PopPresentingViewController.xib */; };
		2079C1A71D11208700A4315A /* PopPresentedViewController.m in Sources */ = {isa = PBXBuildFile; fileRef = 2079C1A51D11208700A4315A /* PopPresentedViewController.m */; };
		2079C1A81D11208700A4315A /* PopPresentedViewController.xib in Resources */ = {isa = PBXBuildFile; fileRef = 2079C1A61D11208700A4315A /* PopPresentedViewController.xib */; };
		2079C1C51D113FD200A4315A /* JDMenuViewController.m in Sources */ = {isa = PBXBuildFile; fileRef = 2079C1C31D113FD200A4315A /* JDMenuViewController.m */; };
		2079C1C61D113FD200A4315A /* JDMenuViewController.xib in Resources */ = {isa = PBXBuildFile; fileRef = 2079C1C41D113FD200A4315A /* JDMenuViewController.xib */; };
		2079C1CA1D11403800A4315A /* JDMasterViewController.m in Sources */ = {isa = PBXBuildFile; fileRef = 2079C1C81D11403800A4315A /* JDMasterViewController.m */; };
		2079C1CB1D11403800A4315A /* JDMasterViewController.xib in Resources */ = {isa = PBXBuildFile; fileRef = 2079C1C91D11403800A4315A /* JDMasterViewController.xib */; };
		2079C1CF1D11404800A4315A /* JDDetailViewController.m in Sources */ = {isa = PBXBuildFile; fileRef = 2079C1CD1D11404800A4315A /* JDDetailViewController.m */; };
		2079C1D01D11404800A4315A /* JDDetailViewController.xib in Resources */ = {isa = PBXBuildFile; fileRef = 2079C1CE1D11404800A4315A /* JDDetailViewController.xib */; };
		2087C1C61BD4FF7200A3D53F /* JYKit.framework in Frameworks */ = {isa = PBXBuildFile; fileRef = 208C8BDC1BD4EF8400E55D5D /* JYKit.framework */; };
		2087C1C71BD4FF7200A3D53F /* JYKit.framework in Embed Frameworks */ = {isa = PBXBuildFile; fileRef = 208C8BDC1BD4EF8400E55D5D /* JYKit.framework */; settings = {ATTRIBUTES = (CodeSignOnCopy, RemoveHeadersOnCopy, ); }; };
		208C8BA41BD4EF6E00E55D5D /* main.m in Sources */ = {isa = PBXBuildFile; fileRef = 208C8BA31BD4EF6E00E55D5D /* main.m */; };
		208C8BA71BD4EF6E00E55D5D /* AppDelegate.m in Sources */ = {isa = PBXBuildFile; fileRef = 208C8BA61BD4EF6E00E55D5D /* AppDelegate.m */; };
		208C8BAA1BD4EF6E00E55D5D /* ViewController.m in Sources */ = {isa = PBXBuildFile; fileRef = 208C8BA91BD4EF6E00E55D5D /* ViewController.m */; };
		208C8BAD1BD4EF6E00E55D5D /* Main.storyboard in Resources */ = {isa = PBXBuildFile; fileRef = 208C8BAB1BD4EF6E00E55D5D /* Main.storyboard */; };
		208C8BAF1BD4EF6E00E55D5D /* Assets.xcassets in Resources */ = {isa = PBXBuildFile; fileRef = 208C8BAE1BD4EF6E00E55D5D /* Assets.xcassets */; };
		208C8BB21BD4EF6E00E55D5D /* LaunchScreen.storyboard in Resources */ = {isa = PBXBuildFile; fileRef = 208C8BB01BD4EF6E00E55D5D /* LaunchScreen.storyboard */; };
		208C8BBD1BD4EF6E00E55D5D /* JYKitTestTests.m in Sources */ = {isa = PBXBuildFile; fileRef = 208C8BBC1BD4EF6E00E55D5D /* JYKitTestTests.m */; };
		208C8BC81BD4EF6E00E55D5D /* JYKitTestUITests.m in Sources */ = {isa = PBXBuildFile; fileRef = 208C8BC71BD4EF6E00E55D5D /* JYKitTestUITests.m */; };
		20C12D511D618DBE00E2FF38 /* ShapeViewViewController.m in Sources */ = {isa = PBXBuildFile; fileRef = 20C12D4F1D618DBE00E2FF38 /* ShapeViewViewController.m */; };
		20C12D521D618DBE00E2FF38 /* ShapeViewViewController.xib in Resources */ = {isa = PBXBuildFile; fileRef = 20C12D501D618DBE00E2FF38 /* ShapeViewViewController.xib */; };
		20DE2FC61D65ADD500832F04 /* CircleSliderViewController.m in Sources */ = {isa = PBXBuildFile; fileRef = 20DE2FC51D65ADD500832F04 /* CircleSliderViewController.m */; };
		20E62C541EA5B430008A7C40 /* DeepCopyViewController.m in Sources */ = {isa = PBXBuildFile; fileRef = 20E62C521EA5B430008A7C40 /* DeepCopyViewController.m */; };
		20E62C551EA5B430008A7C40 /* DeepCopyViewController.xib in Resources */ = {isa = PBXBuildFile; fileRef = 20E62C531EA5B430008A7C40 /* DeepCopyViewController.xib */; };
		20E62C581EA5B4F4008A7C40 /* MDeepCopyTest.m in Sources */ = {isa = PBXBuildFile; fileRef = 20E62C571EA5B4F4008A7C40 /* MDeepCopyTest.m */; };
		20E62C681EA5C665008A7C40 /* UpgradeViewController.m in Sources */ = {isa = PBXBuildFile; fileRef = 20E62C661EA5C665008A7C40 /* UpgradeViewController.m */; };
		20E62C691EA5C665008A7C40 /* UpgradeViewController.xib in Resources */ = {isa = PBXBuildFile; fileRef = 20E62C671EA5C665008A7C40 /* UpgradeViewController.xib */; };
		20F7139C1D6D535700798D56 /* AdjustingTextViewController.m in Sources */ = {isa = PBXBuildFile; fileRef = 20F7139A1D6D535700798D56 /* AdjustingTextViewController.m */; };
		20F7139D1D6D535700798D56 /* AdjustingTextViewController.xib in Resources */ = {isa = PBXBuildFile; fileRef = 20F7139B1D6D535700798D56 /* AdjustingTextViewController.xib */; };
/* End PBXBuildFile section */

/* Begin PBXContainerItemProxy section */
		2087C1C81BD4FF7200A3D53F /* PBXContainerItemProxy */ = {
			isa = PBXContainerItemProxy;
			containerPortal = 208C8BD51BD4EF8400E55D5D /* JYKit.xcodeproj */;
			proxyType = 1;
			remoteGlobalIDString = 208C8B211BD4E98B00E55D5D;
			remoteInfo = JYKit;
		};
		208C8BB91BD4EF6E00E55D5D /* PBXContainerItemProxy */ = {
			isa = PBXContainerItemProxy;
			containerPortal = 208C8B971BD4EF6E00E55D5D /* Project object */;
			proxyType = 1;
			remoteGlobalIDString = 208C8B9E1BD4EF6E00E55D5D;
			remoteInfo = JYKitTest;
		};
		208C8BC41BD4EF6E00E55D5D /* PBXContainerItemProxy */ = {
			isa = PBXContainerItemProxy;
			containerPortal = 208C8B971BD4EF6E00E55D5D /* Project object */;
			proxyType = 1;
			remoteGlobalIDString = 208C8B9E1BD4EF6E00E55D5D;
			remoteInfo = JYKitTest;
		};
		208C8BDB1BD4EF8400E55D5D /* PBXContainerItemProxy */ = {
			isa = PBXContainerItemProxy;
			containerPortal = 208C8BD51BD4EF8400E55D5D /* JYKit.xcodeproj */;
			proxyType = 2;
			remoteGlobalIDString = 208C8B221BD4E98B00E55D5D;
			remoteInfo = JYKit;
		};
		208C8BDD1BD4EF8400E55D5D /* PBXContainerItemProxy */ = {
			isa = PBXContainerItemProxy;
			containerPortal = 208C8BD51BD4EF8400E55D5D /* JYKit.xcodeproj */;
			proxyType = 2;
			remoteGlobalIDString = 208C8B2C1BD4E98C00E55D5D;
			remoteInfo = JYKitTests;
		};
/* End PBXContainerItemProxy section */

/* Begin PBXCopyFilesBuildPhase section */
		2087C1CA1BD4FF7200A3D53F /* Embed Frameworks */ = {
			isa = PBXCopyFilesBuildPhase;
			buildActionMask = 2147483647;
			dstPath = "";
			dstSubfolderSpec = 10;
			files = (
				2087C1C71BD4FF7200A3D53F /* JYKit.framework in Embed Frameworks */,
			);
			name = "Embed Frameworks";
			runOnlyForDeploymentPostprocessing = 0;
		};
/* End PBXCopyFilesBuildPhase section */

/* Begin PBXFileReference section */
		2005BDDB1D17E53800AA9814 /* LoadingViewController.h */ = {isa = PBXFileReference; fileEncoding = 4; lastKnownFileType = sourcecode.c.h; path = LoadingViewController.h; sourceTree = "<group>"; };
		2005BDDC1D17E53800AA9814 /* LoadingViewController.m */ = {isa = PBXFileReference; fileEncoding = 4; lastKnownFileType = sourcecode.c.objc; path = LoadingViewController.m; sourceTree = "<group>"; };
		2005BDE01D17E6FB00AA9814 /* ControlLoadingViewController.h */ = {isa = PBXFileReference; fileEncoding = 4; lastKnownFileType = sourcecode.c.h; path = ControlLoadingViewController.h; sourceTree = "<group>"; };
		2005BDE11D17E6FB00AA9814 /* ControlLoadingViewController.m */ = {isa = PBXFileReference; fileEncoding = 4; lastKnownFileType = sourcecode.c.objc; path = ControlLoadingViewController.m; sourceTree = "<group>"; };
		2005BDE21D17E6FB00AA9814 /* ControlLoadingViewController.xib */ = {isa = PBXFileReference; fileEncoding = 4; lastKnownFileType = file.xib; path = ControlLoadingViewController.xib; sourceTree = "<group>"; };
		2005BDE51D17EF1100AA9814 /* LoadingBaseViewController.h */ = {isa = PBXFileReference; fileEncoding = 4; lastKnownFileType = sourcecode.c.h; path = LoadingBaseViewController.h; sourceTree = "<group>"; };
		2005BDE61D17EF1100AA9814 /* LoadingBaseViewController.m */ = {isa = PBXFileReference; fileEncoding = 4; lastKnownFileType = sourcecode.c.objc; path = LoadingBaseViewController.m; sourceTree = "<group>"; };
		2005BDEA1D17F5FB00AA9814 /* LoadingViewController.xib */ = {isa = PBXFileReference; fileEncoding = 4; lastKnownFileType = file.xib; path = LoadingViewController.xib; sourceTree = "<group>"; };
		2049896E1D0CFDE000894ACF /* NavBackItemViewController.h */ = {isa = PBXFileReference; fileEncoding = 4; lastKnownFileType = sourcecode.c.h; path = NavBackItemViewController.h; sourceTree = "<group>"; };
		2049896F1D0CFDE000894ACF /* NavBackItemViewController.m */ = {isa = PBXFileReference; fileEncoding = 4; lastKnownFileType = sourcecode.c.objc; path = NavBackItemViewController.m; sourceTree = "<group>"; };
		204989731D0D003900894ACF /* BaseViewController.h */ = {isa = PBXFileReference; fileEncoding = 4; lastKnownFileType = sourcecode.c.h; path = BaseViewController.h; sourceTree = "<group>"; };
		204989741D0D003900894ACF /* BaseViewController.m */ = {isa = PBXFileReference; fileEncoding = 4; lastKnownFileType = sourcecode.c.objc; path = BaseViewController.m; sourceTree = "<group>"; };
		204989771D0D04DA00894ACF /* ButtonBlockViewController.h */ = {isa = PBXFileReference; fileEncoding = 4; lastKnownFileType = sourcecode.c.h; path = ButtonBlockViewController.h; sourceTree = "<group>"; };
		204989781D0D04DA00894ACF /* ButtonBlockViewController.m */ = {isa = PBXFileReference; fileEncoding = 4; lastKnownFileType = sourcecode.c.objc; path = ButtonBlockViewController.m; sourceTree = "<group>"; };
		2049897C1D0D058100894ACF /* ButtonBlockViewController.xib */ = {isa = PBXFileReference; fileEncoding = 4; lastKnownFileType = file.xib; path = ButtonBlockViewController.xib; sourceTree = "<group>"; };
		2049897F1D0D06ED00894ACF /* DashLineViewController.h */ = {isa = PBXFileReference; fileEncoding = 4; lastKnownFileType = sourcecode.c.h; path = DashLineViewController.h; sourceTree = "<group>"; };
		204989801D0D06ED00894ACF /* DashLineViewController.m */ = {isa = PBXFileReference; fileEncoding = 4; lastKnownFileType = sourcecode.c.objc; path = DashLineViewController.m; sourceTree = "<group>"; };
		204989851D0D0EBD00894ACF /* CropViewController.h */ = {isa = PBXFileReference; fileEncoding = 4; lastKnownFileType = sourcecode.c.h; path = CropViewController.h; sourceTree = "<group>"; };
		204989861D0D0EBD00894ACF /* CropViewController.m */ = {isa = PBXFileReference; fileEncoding = 4; lastKnownFileType = sourcecode.c.objc; path = CropViewController.m; sourceTree = "<group>"; };
		204989881D0D0F3400894ACF /* CropViewController.xib */ = {isa = PBXFileReference; fileEncoding = 4; lastKnownFileType = file.xib; path = CropViewController.xib; sourceTree = "<group>"; };
		204B2E8C1D10039100F9C88C /* HideNavLineViewController.h */ = {isa = PBXFileReference; fileEncoding = 4; lastKnownFileType = sourcecode.c.h; path = HideNavLineViewController.h; sourceTree = "<group>"; };
		204B2E8D1D10039100F9C88C /* HideNavLineViewController.m */ = {isa = PBXFileReference; fileEncoding = 4; lastKnownFileType = sourcecode.c.objc; path = HideNavLineViewController.m; sourceTree = "<group>"; };
		204B2E8E1D10039100F9C88C /* HideNavLineViewController.xib */ = {isa = PBXFileReference; fileEncoding = 4; lastKnownFileType = file.xib; path = HideNavLineViewController.xib; sourceTree = "<group>"; };
		204B2E951D1008EA00F9C88C /* DashLineViewController.xib */ = {isa = PBXFileReference; fileEncoding = 4; lastKnownFileType = file.xib; path = DashLineViewController.xib; sourceTree = "<group>"; };
		205398A91D0D2C2600B34DA1 /* ColorViewController.h */ = {isa = PBXFileReference; fileEncoding = 4; lastKnownFileType = sourcecode.c.h; path = ColorViewController.h; sourceTree = "<group>"; };
		205398AA1D0D2C2600B34DA1 /* ColorViewController.m */ = {isa = PBXFileReference; fileEncoding = 4; lastKnownFileType = sourcecode.c.objc; path = ColorViewController.m; sourceTree = "<group>"; };
		205398AC1D0D2CDF00B34DA1 /* ColorViewController.xib */ = {isa = PBXFileReference; fileEncoding = 4; lastKnownFileType = file.xib; path = ColorViewController.xib; sourceTree = "<group>"; };
		205398B41D0D41BC00B34DA1 /* ImageColorViewController.h */ = {isa = PBXFileReference; fileEncoding = 4; lastKnownFileType = sourcecode.c.h; path = ImageColorViewController.h; sourceTree = "<group>"; };
		205398B51D0D41BC00B34DA1 /* ImageColorViewController.m */ = {isa = PBXFileReference; fileEncoding = 4; lastKnownFileType = sourcecode.c.objc; path = ImageColorViewController.m; sourceTree = "<group>"; };
		205398B61D0D41BC00B34DA1 /* ImageColorViewController.xib */ = {isa = PBXFileReference; fileEncoding = 4; lastKnownFileType = file.xib; path = ImageColorViewController.xib; sourceTree = "<group>"; };
		205398BA1D0D45DA00B34DA1 /* ImageSizeViewController.h */ = {isa = PBXFileReference; fileEncoding = 4; lastKnownFileType = sourcecode.c.h; path = ImageSizeViewController.h; sourceTree = "<group>"; };
		205398BB1D0D45DA00B34DA1 /* ImageSizeViewController.m */ = {isa = PBXFileReference; fileEncoding = 4; lastKnownFileType = sourcecode.c.objc; path = ImageSizeViewController.m; sourceTree = "<group>"; };
		205398BC1D0D45DA00B34DA1 /* ImageSizeViewController.xib */ = {isa = PBXFileReference; fileEncoding = 4; lastKnownFileType = file.xib; path = ImageSizeViewController.xib; sourceTree = "<group>"; };
		205398D01D0D5F2E00B34DA1 /* FlexContentViewController.h */ = {isa = PBXFileReference; fileEncoding = 4; lastKnownFileType = sourcecode.c.h; path = FlexContentViewController.h; sourceTree = "<group>"; };
		205398D11D0D5F2E00B34DA1 /* FlexContentViewController.m */ = {isa = PBXFileReference; fileEncoding = 4; lastKnownFileType = sourcecode.c.objc; path = FlexContentViewController.m; sourceTree = "<group>"; };
		205398D21D0D5F2E00B34DA1 /* FlexContentViewController.xib */ = {isa = PBXFileReference; fileEncoding = 4; lastKnownFileType = file.xib; path = FlexContentViewController.xib; sourceTree = "<group>"; };
		205398DB1D0D64F500B34DA1 /* ButtonImagePositionViewController.h */ = {isa = PBXFileReference; fileEncoding = 4; lastKnownFileType = sourcecode.c.h; path = ButtonImagePositionViewController.h; sourceTree = "<group>"; };
		205398DC1D0D64F500B34DA1 /* ButtonImagePositionViewController.m */ = {isa = PBXFileReference; fileEncoding = 4; lastKnownFileType = sourcecode.c.objc; path = ButtonImagePositionViewController.m; sourceTree = "<group>"; };
		205398DD1D0D64F500B34DA1 /* ButtonImagePositionViewController.xib */ = {isa = PBXFileReference; fileEncoding = 4; lastKnownFileType = file.xib; path = ButtonImagePositionViewController.xib; sourceTree = "<group>"; };
		2059AF7E1D7D3BD200C6DE23 /* QRCodeViewController.h */ = {isa = PBXFileReference; fileEncoding = 4; lastKnownFileType = sourcecode.c.h; path = QRCodeViewController.h; sourceTree = "<group>"; };
		2059AF7F1D7D3BD200C6DE23 /* QRCodeViewController.m */ = {isa = PBXFileReference; fileEncoding = 4; lastKnownFileType = sourcecode.c.objc; path = QRCodeViewController.m; sourceTree = "<group>"; };
		2059AF801D7D3BD200C6DE23 /* QRCodeViewController.xib */ = {isa = PBXFileReference; fileEncoding = 4; lastKnownFileType = file.xib; path = QRCodeViewController.xib; sourceTree = "<group>"; };
		2079C1151D10EFFF00A4315A /* GradientViewController.h */ = {isa = PBXFileReference; fileEncoding = 4; lastKnownFileType = sourcecode.c.h; path = GradientViewController.h; sourceTree = "<group>"; };
		2079C1161D10EFFF00A4315A /* GradientViewController.m */ = {isa = PBXFileReference; fileEncoding = 4; lastKnownFileType = sourcecode.c.objc; path = GradientViewController.m; sourceTree = "<group>"; };
		2079C1171D10EFFF00A4315A /* GradientViewController.xib */ = {isa = PBXFileReference; fileEncoding = 4; lastKnownFileType = file.xib; path = GradientViewController.xib; sourceTree = "<group>"; };
		2079C19F1D11207900A4315A /* PopPresentingViewController.h */ = {isa = PBXFileReference; fileEncoding = 4; lastKnownFileType = sourcecode.c.h; path = PopPresentingViewController.h; sourceTree = "<group>"; };
		2079C1A01D11207900A4315A /* PopPresentingViewController.m */ = {isa = PBXFileReference; fileEncoding = 4; lastKnownFileType = sourcecode.c.objc; path = PopPresentingViewController.m; sourceTree = "<group>"; };
		2079C1A11D11207900A4315A /* PopPresentingViewController.xib */ = {isa = PBXFileReference; fileEncoding = 4; lastKnownFileType = file.xib; path = PopPresentingViewController.xib; sourceTree = "<group>"; };
		2079C1A41D11208700A4315A /* PopPresentedViewController.h */ = {isa = PBXFileReference; fileEncoding = 4; lastKnownFileType = sourcecode.c.h; path = PopPresentedViewController.h; sourceTree = "<group>"; };
		2079C1A51D11208700A4315A /* PopPresentedViewController.m */ = {isa = PBXFileReference; fileEncoding = 4; lastKnownFileType = sourcecode.c.objc; path = PopPresentedViewController.m; sourceTree = "<group>"; };
		2079C1A61D11208700A4315A /* PopPresentedViewController.xib */ = {isa = PBXFileReference; fileEncoding = 4; lastKnownFileType = file.xib; path = PopPresentedViewController.xib; sourceTree = "<group>"; };
		2079C1C21D113FD200A4315A /* JDMenuViewController.h */ = {isa = PBXFileReference; fileEncoding = 4; lastKnownFileType = sourcecode.c.h; path = JDMenuViewController.h; sourceTree = "<group>"; };
		2079C1C31D113FD200A4315A /* JDMenuViewController.m */ = {isa = PBXFileReference; fileEncoding = 4; lastKnownFileType = sourcecode.c.objc; path = JDMenuViewController.m; sourceTree = "<group>"; };
		2079C1C41D113FD200A4315A /* JDMenuViewController.xib */ = {isa = PBXFileReference; fileEncoding = 4; lastKnownFileType = file.xib; path = JDMenuViewController.xib; sourceTree = "<group>"; };
		2079C1C71D11403800A4315A /* JDMasterViewController.h */ = {isa = PBXFileReference; fileEncoding = 4; lastKnownFileType = sourcecode.c.h; path = JDMasterViewController.h; sourceTree = "<group>"; };
		2079C1C81D11403800A4315A /* JDMasterViewController.m */ = {isa = PBXFileReference; fileEncoding = 4; lastKnownFileType = sourcecode.c.objc; path = JDMasterViewController.m; sourceTree = "<group>"; };
		2079C1C91D11403800A4315A /* JDMasterViewController.xib */ = {isa = PBXFileReference; fileEncoding = 4; lastKnownFileType = file.xib; path = JDMasterViewController.xib; sourceTree = "<group>"; };
		2079C1CC1D11404800A4315A /* JDDetailViewController.h */ = {isa = PBXFileReference; fileEncoding = 4; lastKnownFileType = sourcecode.c.h; path = JDDetailViewController.h; sourceTree = "<group>"; };
		2079C1CD1D11404800A4315A /* JDDetailViewController.m */ = {isa = PBXFileReference; fileEncoding = 4; lastKnownFileType = sourcecode.c.objc; path = JDDetailViewController.m; sourceTree = "<group>"; };
		2079C1CE1D11404800A4315A /* JDDetailViewController.xib */ = {isa = PBXFileReference; fileEncoding = 4; lastKnownFileType = file.xib; path = JDDetailViewController.xib; sourceTree = "<group>"; };
		2087C1D01BD5355D00A3D53F /* PrefixHeader.pch */ = {isa = PBXFileReference; lastKnownFileType = sourcecode.c.h; path = PrefixHeader.pch; sourceTree = "<group>"; };
		208C8B9F1BD4EF6E00E55D5D /* JYKitTest.app */ = {isa = PBXFileReference; explicitFileType = wrapper.application; includeInIndex = 0; path = JYKitTest.app; sourceTree = BUILT_PRODUCTS_DIR; };
		208C8BA31BD4EF6E00E55D5D /* main.m */ = {isa = PBXFileReference; lastKnownFileType = sourcecode.c.objc; path = main.m; sourceTree = "<group>"; };
		208C8BA51BD4EF6E00E55D5D /* AppDelegate.h */ = {isa = PBXFileReference; lastKnownFileType = sourcecode.c.h; path = AppDelegate.h; sourceTree = "<group>"; };
		208C8BA61BD4EF6E00E55D5D /* AppDelegate.m */ = {isa = PBXFileReference; lastKnownFileType = sourcecode.c.objc; path = AppDelegate.m; sourceTree = "<group>"; };
		208C8BA81BD4EF6E00E55D5D /* ViewController.h */ = {isa = PBXFileReference; lastKnownFileType = sourcecode.c.h; path = ViewController.h; sourceTree = "<group>"; };
		208C8BA91BD4EF6E00E55D5D /* ViewController.m */ = {isa = PBXFileReference; lastKnownFileType = sourcecode.c.objc; path = ViewController.m; sourceTree = "<group>"; };
		208C8BAC1BD4EF6E00E55D5D /* Base */ = {isa = PBXFileReference; lastKnownFileType = file.storyboard; name = Base; path = Base.lproj/Main.storyboard; sourceTree = "<group>"; };
		208C8BAE1BD4EF6E00E55D5D /* Assets.xcassets */ = {isa = PBXFileReference; lastKnownFileType = folder.assetcatalog; path = Assets.xcassets; sourceTree = "<group>"; };
		208C8BB11BD4EF6E00E55D5D /* Base */ = {isa = PBXFileReference; lastKnownFileType = file.storyboard; name = Base; path = Base.lproj/LaunchScreen.storyboard; sourceTree = "<group>"; };
		208C8BB31BD4EF6E00E55D5D /* Info.plist */ = {isa = PBXFileReference; lastKnownFileType = text.plist.xml; path = Info.plist; sourceTree = "<group>"; };
		208C8BB81BD4EF6E00E55D5D /* JYKitTestTests.xctest */ = {isa = PBXFileReference; explicitFileType = wrapper.cfbundle; includeInIndex = 0; path = JYKitTestTests.xctest; sourceTree = BUILT_PRODUCTS_DIR; };
		208C8BBC1BD4EF6E00E55D5D /* JYKitTestTests.m */ = {isa = PBXFileReference; lastKnownFileType = sourcecode.c.objc; path = JYKitTestTests.m; sourceTree = "<group>"; };
		208C8BBE1BD4EF6E00E55D5D /* Info.plist */ = {isa = PBXFileReference; lastKnownFileType = text.plist.xml; path = Info.plist; sourceTree = "<group>"; };
		208C8BC31BD4EF6E00E55D5D /* JYKitTestUITests.xctest */ = {isa = PBXFileReference; explicitFileType = wrapper.cfbundle; includeInIndex = 0; path = JYKitTestUITests.xctest; sourceTree = BUILT_PRODUCTS_DIR; };
		208C8BC71BD4EF6E00E55D5D /* JYKitTestUITests.m */ = {isa = PBXFileReference; lastKnownFileType = sourcecode.c.objc; path = JYKitTestUITests.m; sourceTree = "<group>"; };
		208C8BC91BD4EF6E00E55D5D /* Info.plist */ = {isa = PBXFileReference; lastKnownFileType = text.plist.xml; path = Info.plist; sourceTree = "<group>"; };
		208C8BD51BD4EF8400E55D5D /* JYKit.xcodeproj */ = {isa = PBXFileReference; lastKnownFileType = "wrapper.pb-project"; name = JYKit.xcodeproj; path = ../../JYKit/JYKit.xcodeproj; sourceTree = "<group>"; };
		20C12D4E1D618DBE00E2FF38 /* ShapeViewViewController.h */ = {isa = PBXFileReference; fileEncoding = 4; lastKnownFileType = sourcecode.c.h; path = ShapeViewViewController.h; sourceTree = "<group>"; };
		20C12D4F1D618DBE00E2FF38 /* ShapeViewViewController.m */ = {isa = PBXFileReference; fileEncoding = 4; lastKnownFileType = sourcecode.c.objc; path = ShapeViewViewController.m; sourceTree = "<group>"; };
		20C12D501D618DBE00E2FF38 /* ShapeViewViewController.xib */ = {isa = PBXFileReference; fileEncoding = 4; lastKnownFileType = file.xib; path = ShapeViewViewController.xib; sourceTree = "<group>"; };
		20DE2FC41D65ADD500832F04 /* CircleSliderViewController.h */ = {isa = PBXFileReference; fileEncoding = 4; lastKnownFileType = sourcecode.c.h; path = CircleSliderViewController.h; sourceTree = "<group>"; };
		20DE2FC51D65ADD500832F04 /* CircleSliderViewController.m */ = {isa = PBXFileReference; fileEncoding = 4; lastKnownFileType = sourcecode.c.objc; path = CircleSliderViewController.m; sourceTree = "<group>"; };
		20E62C511EA5B430008A7C40 /* DeepCopyViewController.h */ = {isa = PBXFileReference; fileEncoding = 4; lastKnownFileType = sourcecode.c.h; path = DeepCopyViewController.h; sourceTree = "<group>"; };
		20E62C521EA5B430008A7C40 /* DeepCopyViewController.m */ = {isa = PBXFileReference; fileEncoding = 4; lastKnownFileType = sourcecode.c.objc; path = DeepCopyViewController.m; sourceTree = "<group>"; };
		20E62C531EA5B430008A7C40 /* DeepCopyViewController.xib */ = {isa = PBXFileReference; fileEncoding = 4; lastKnownFileType = file.xib; path = DeepCopyViewController.xib; sourceTree = "<group>"; };
		20E62C561EA5B4F4008A7C40 /* MDeepCopyTest.h */ = {isa = PBXFileReference; fileEncoding = 4; lastKnownFileType = sourcecode.c.h; path = MDeepCopyTest.h; sourceTree = "<group>"; };
		20E62C571EA5B4F4008A7C40 /* MDeepCopyTest.m */ = {isa = PBXFileReference; fileEncoding = 4; lastKnownFileType = sourcecode.c.objc; path = MDeepCopyTest.m; sourceTree = "<group>"; };
		20E62C651EA5C665008A7C40 /* UpgradeViewController.h */ = {isa = PBXFileReference; fileEncoding = 4; lastKnownFileType = sourcecode.c.h; path = UpgradeViewController.h; sourceTree = "<group>"; };
		20E62C661EA5C665008A7C40 /* UpgradeViewController.m */ = {isa = PBXFileReference; fileEncoding = 4; lastKnownFileType = sourcecode.c.objc; path = UpgradeViewController.m; sourceTree = "<group>"; };
		20E62C671EA5C665008A7C40 /* UpgradeViewController.xib */ = {isa = PBXFileReference; fileEncoding = 4; lastKnownFileType = file.xib; path = UpgradeViewController.xib; sourceTree = "<group>"; };
		20F713991D6D535700798D56 /* AdjustingTextViewController.h */ = {isa = PBXFileReference; fileEncoding = 4; lastKnownFileType = sourcecode.c.h; path = AdjustingTextViewController.h; sourceTree = "<group>"; };
		20F7139A1D6D535700798D56 /* AdjustingTextViewController.m */ = {isa = PBXFileReference; fileEncoding = 4; lastKnownFileType = sourcecode.c.objc; path = AdjustingTextViewController.m; sourceTree = "<group>"; };
		20F7139B1D6D535700798D56 /* AdjustingTextViewController.xib */ = {isa = PBXFileReference; fileEncoding = 4; lastKnownFileType = file.xib; path = AdjustingTextViewController.xib; sourceTree = "<group>"; };
/* End PBXFileReference section */

/* Begin PBXFrameworksBuildPhase section */
		208C8B9C1BD4EF6E00E55D5D /* Frameworks */ = {
			isa = PBXFrameworksBuildPhase;
			buildActionMask = 2147483647;
			files = (
				2087C1C61BD4FF7200A3D53F /* JYKit.framework in Frameworks */,
			);
			runOnlyForDeploymentPostprocessing = 0;
		};
		208C8BB51BD4EF6E00E55D5D /* Frameworks */ = {
			isa = PBXFrameworksBuildPhase;
			buildActionMask = 2147483647;
			files = (
			);
			runOnlyForDeploymentPostprocessing = 0;
		};
		208C8BC01BD4EF6E00E55D5D /* Frameworks */ = {
			isa = PBXFrameworksBuildPhase;
			buildActionMask = 2147483647;
			files = (
			);
			runOnlyForDeploymentPostprocessing = 0;
		};
/* End PBXFrameworksBuildPhase section */

/* Begin PBXGroup section */
		2005BDD81D17E4E400AA9814 /* 页面加载动画 */ = {
			isa = PBXGroup;
			children = (
				2005BDE01D17E6FB00AA9814 /* ControlLoadingViewController.h */,
				2005BDE11D17E6FB00AA9814 /* ControlLoadingViewController.m */,
				2005BDE21D17E6FB00AA9814 /* ControlLoadingViewController.xib */,
				2005BDE51D17EF1100AA9814 /* LoadingBaseViewController.h */,
				2005BDE61D17EF1100AA9814 /* LoadingBaseViewController.m */,
				2005BDDB1D17E53800AA9814 /* LoadingViewController.h */,
				2005BDDC1D17E53800AA9814 /* LoadingViewController.m */,
				2005BDEA1D17F5FB00AA9814 /* LoadingViewController.xib */,
			);
			name = "页面加载动画";
			sourceTree = "<group>";
		};
		2049896B1D0CFD8800894ACF /* Nav返回按钮 */ = {
			isa = PBXGroup;
			children = (
				2049896E1D0CFDE000894ACF /* NavBackItemViewController.h */,
				2049896F1D0CFDE000894ACF /* NavBackItemViewController.m */,
			);
			name = "Nav返回按钮";
			sourceTree = "<group>";
		};
		204989761D0D049000894ACF /* Button事件Block处理 */ = {
			isa = PBXGroup;
			children = (
				204989771D0D04DA00894ACF /* ButtonBlockViewController.h */,
				204989781D0D04DA00894ACF /* ButtonBlockViewController.m */,
				2049897C1D0D058100894ACF /* ButtonBlockViewController.xib */,
			);
			name = "Button事件Block处理";
			sourceTree = "<group>";
		};
		2049897E1D0D06B500894ACF /* 虚线 */ = {
			isa = PBXGroup;
			children = (
				2049897F1D0D06ED00894ACF /* DashLineViewController.h */,
				204989801D0D06ED00894ACF /* DashLineViewController.m */,
				204B2E951D1008EA00F9C88C /* DashLineViewController.xib */,
			);
			name = "虚线";
			sourceTree = "<group>";
		};
		204989841D0D0E7B00894ACF /* 截图 */ = {
			isa = PBXGroup;
			children = (
				204989851D0D0EBD00894ACF /* CropViewController.h */,
				204989861D0D0EBD00894ACF /* CropViewController.m */,
				204989881D0D0F3400894ACF /* CropViewController.xib */,
			);
			name = "截图";
			sourceTree = "<group>";
		};
		204B2E891D10035C00F9C88C /* 隐藏Navigation Bar下方分割线 */ = {
			isa = PBXGroup;
			children = (
				204B2E8C1D10039100F9C88C /* HideNavLineViewController.h */,
				204B2E8D1D10039100F9C88C /* HideNavLineViewController.m */,
				204B2E8E1D10039100F9C88C /* HideNavLineViewController.xib */,
			);
			name = "隐藏Navigation Bar下方分割线";
			sourceTree = "<group>";
		};
		205398A61D0D2C0400B34DA1 /* 颜色 */ = {
			isa = PBXGroup;
			children = (
				205398A91D0D2C2600B34DA1 /* ColorViewController.h */,
				205398AA1D0D2C2600B34DA1 /* ColorViewController.m */,
				205398AC1D0D2CDF00B34DA1 /* ColorViewController.xib */,
			);
			name = "颜色";
			sourceTree = "<group>";
		};
		205398B11D0D419600B34DA1 /* 改变图片填充色 */ = {
			isa = PBXGroup;
			children = (
				205398B41D0D41BC00B34DA1 /* ImageColorViewController.h */,
				205398B51D0D41BC00B34DA1 /* ImageColorViewController.m */,
				205398B61D0D41BC00B34DA1 /* ImageColorViewController.xib */,
			);
			name = "改变图片填充色";
			sourceTree = "<group>";
		};
		205398B91D0D45AE00B34DA1 /* 改变图片大小 */ = {
			isa = PBXGroup;
			children = (
				205398BA1D0D45DA00B34DA1 /* ImageSizeViewController.h */,
				205398BB1D0D45DA00B34DA1 /* ImageSizeViewController.m */,
				205398BC1D0D45DA00B34DA1 /* ImageSizeViewController.xib */,
			);
			name = "改变图片大小";
			sourceTree = "<group>";
		};
		205398CF1D0D5EDF00B34DA1 /* 容纳文字所需要的大小 */ = {
			isa = PBXGroup;
			children = (
				205398D01D0D5F2E00B34DA1 /* FlexContentViewController.h */,
				205398D11D0D5F2E00B34DA1 /* FlexContentViewController.m */,
				205398D21D0D5F2E00B34DA1 /* FlexContentViewController.xib */,
			);
			name = "容纳文字所需要的大小";
			sourceTree = "<group>";
		};
		205398DA1D0D64B300B34DA1 /* Button图片位置 */ = {
			isa = PBXGroup;
			children = (
				205398DB1D0D64F500B34DA1 /* ButtonImagePositionViewController.h */,
				205398DC1D0D64F500B34DA1 /* ButtonImagePositionViewController.m */,
				205398DD1D0D64F500B34DA1 /* ButtonImagePositionViewController.xib */,
			);
			name = "Button图片位置";
			sourceTree = "<group>";
		};
		2059AF7B1D7D3BAD00C6DE23 /* 生成二维码 */ = {
			isa = PBXGroup;
			children = (
				2059AF7E1D7D3BD200C6DE23 /* QRCodeViewController.h */,
				2059AF7F1D7D3BD200C6DE23 /* QRCodeViewController.m */,
				2059AF801D7D3BD200C6DE23 /* QRCodeViewController.xib */,
			);
			name = "生成二维码";
			sourceTree = "<group>";
		};
		2079C1121D10EFE900A4315A /* 渐变 */ = {
			isa = PBXGroup;
			children = (
				2079C1151D10EFFF00A4315A /* GradientViewController.h */,
				2079C1161D10EFFF00A4315A /* GradientViewController.m */,
				2079C1171D10EFFF00A4315A /* GradientViewController.xib */,
			);
			name = "渐变";
			sourceTree = "<group>";
		};
		2079C19C1D11201F00A4315A /* PopOver On Iphone */ = {
			isa = PBXGroup;
			children = (
				2079C19F1D11207900A4315A /* PopPresentingViewController.h */,
				2079C1A01D11207900A4315A /* PopPresentingViewController.m */,
				2079C1A11D11207900A4315A /* PopPresentingViewController.xib */,
				2079C1A41D11208700A4315A /* PopPresentedViewController.h */,
				2079C1A51D11208700A4315A /* PopPresentedViewController.m */,
				2079C1A61D11208700A4315A /* PopPresentedViewController.xib */,
			);
			name = "PopOver On Iphone";
			sourceTree = "<group>";
		};
		2079C1BF1D113F9100A4315A /* 京东菜单 */ = {
			isa = PBXGroup;
			children = (
				2079C1C21D113FD200A4315A /* JDMenuViewController.h */,
				2079C1C31D113FD200A4315A /* JDMenuViewController.m */,
				2079C1C41D113FD200A4315A /* JDMenuViewController.xib */,
				2079C1C71D11403800A4315A /* JDMasterViewController.h */,
				2079C1C81D11403800A4315A /* JDMasterViewController.m */,
				2079C1C91D11403800A4315A /* JDMasterViewController.xib */,
				2079C1CC1D11404800A4315A /* JDDetailViewController.h */,
				2079C1CD1D11404800A4315A /* JDDetailViewController.m */,
				2079C1CE1D11404800A4315A /* JDDetailViewController.xib */,
			);
			name = "京东菜单";
			sourceTree = "<group>";
		};
		208C8B961BD4EF6E00E55D5D = {
			isa = PBXGroup;
			children = (
				208C8BA11BD4EF6E00E55D5D /* JYKitTest */,
				208C8BBB1BD4EF6E00E55D5D /* JYKitTestTests */,
				208C8BC61BD4EF6E00E55D5D /* JYKitTestUITests */,
				208C8BA01BD4EF6E00E55D5D /* Products */,
			);
			sourceTree = "<group>";
		};
		208C8BA01BD4EF6E00E55D5D /* Products */ = {
			isa = PBXGroup;
			children = (
				208C8B9F1BD4EF6E00E55D5D /* JYKitTest.app */,
				208C8BB81BD4EF6E00E55D5D /* JYKitTestTests.xctest */,
				208C8BC31BD4EF6E00E55D5D /* JYKitTestUITests.xctest */,
			);
			name = Products;
			sourceTree = "<group>";
		};
		208C8BA11BD4EF6E00E55D5D /* JYKitTest */ = {
			isa = PBXGroup;
			children = (
				208C8BD51BD4EF8400E55D5D /* JYKit.xcodeproj */,
				208C8BA51BD4EF6E00E55D5D /* AppDelegate.h */,
				208C8BA61BD4EF6E00E55D5D /* AppDelegate.m */,
				208C8BA81BD4EF6E00E55D5D /* ViewController.h */,
				208C8BA91BD4EF6E00E55D5D /* ViewController.m */,
				204989731D0D003900894ACF /* BaseViewController.h */,
				204989741D0D003900894ACF /* BaseViewController.m */,
				2049896B1D0CFD8800894ACF /* Nav返回按钮 */,
				204989761D0D049000894ACF /* Button事件Block处理 */,
				2049897E1D0D06B500894ACF /* 虚线 */,
				204989841D0D0E7B00894ACF /* 截图 */,
				205398A61D0D2C0400B34DA1 /* 颜色 */,
				205398B11D0D419600B34DA1 /* 改变图片填充色 */,
				205398B91D0D45AE00B34DA1 /* 改变图片大小 */,
				205398CF1D0D5EDF00B34DA1 /* 容纳文字所需要的大小 */,
				205398DA1D0D64B300B34DA1 /* Button图片位置 */,
				204B2E891D10035C00F9C88C /* 隐藏Navigation Bar下方分割线 */,
				2079C1121D10EFE900A4315A /* 渐变 */,
				2079C19C1D11201F00A4315A /* PopOver On Iphone */,
				2079C1BF1D113F9100A4315A /* 京东菜单 */,
				2005BDD81D17E4E400AA9814 /* 页面加载动画 */,
				20C12D4B1D618D7900E2FF38 /* View只显示出来一部分 */,
				20DE2FC11D65AD8C00832F04 /* 环形Slider */,
				20F713961D6D52D800798D56 /* 高度可变的输入框 */,
				2059AF7B1D7D3BAD00C6DE23 /* 生成二维码 */,
				20E62C4E1EA5B405008A7C40 /* 深拷贝 */,
				20E62C641EA5C626008A7C40 /* 更新检测 */,
				208C8BAB1BD4EF6E00E55D5D /* Main.storyboard */,
				208C8BAE1BD4EF6E00E55D5D /* Assets.xcassets */,
				208C8BB01BD4EF6E00E55D5D /* LaunchScreen.storyboard */,
				208C8BB31BD4EF6E00E55D5D /* Info.plist */,
				208C8BA21BD4EF6E00E55D5D /* Supporting Files */,
			);
			path = JYKitTest;
			sourceTree = "<group>";
		};
		208C8BA21BD4EF6E00E55D5D /* Supporting Files */ = {
			isa = PBXGroup;
			children = (
				208C8BA31BD4EF6E00E55D5D /* main.m */,
				2087C1D01BD5355D00A3D53F /* PrefixHeader.pch */,
			);
			name = "Supporting Files";
			sourceTree = "<group>";
		};
		208C8BBB1BD4EF6E00E55D5D /* JYKitTestTests */ = {
			isa = PBXGroup;
			children = (
				208C8BBC1BD4EF6E00E55D5D /* JYKitTestTests.m */,
				208C8BBE1BD4EF6E00E55D5D /* Info.plist */,
			);
			path = JYKitTestTests;
			sourceTree = "<group>";
		};
		208C8BC61BD4EF6E00E55D5D /* JYKitTestUITests */ = {
			isa = PBXGroup;
			children = (
				208C8BC71BD4EF6E00E55D5D /* JYKitTestUITests.m */,
				208C8BC91BD4EF6E00E55D5D /* Info.plist */,
			);
			path = JYKitTestUITests;
			sourceTree = "<group>";
		};
		208C8BD61BD4EF8400E55D5D /* Products */ = {
			isa = PBXGroup;
			children = (
				208C8BDC1BD4EF8400E55D5D /* JYKit.framework */,
				208C8BDE1BD4EF8400E55D5D /* JYKitTests.xctest */,
			);
			name = Products;
			sourceTree = "<group>";
		};
		20C12D4B1D618D7900E2FF38 /* View只显示出来一部分 */ = {
			isa = PBXGroup;
			children = (
				20C12D4E1D618DBE00E2FF38 /* ShapeViewViewController.h */,
				20C12D4F1D618DBE00E2FF38 /* ShapeViewViewController.m */,
				20C12D501D618DBE00E2FF38 /* ShapeViewViewController.xib */,
			);
			name = "View只显示出来一部分";
			sourceTree = "<group>";
		};
		20DE2FC11D65AD8C00832F04 /* 环形Slider */ = {
			isa = PBXGroup;
			children = (
				20DE2FC41D65ADD500832F04 /* CircleSliderViewController.h */,
				20DE2FC51D65ADD500832F04 /* CircleSliderViewController.m */,
			);
			name = "环形Slider";
			sourceTree = "<group>";
		};
		20E62C4E1EA5B405008A7C40 /* 深拷贝 */ = {
			isa = PBXGroup;
			children = (
				20E62C561EA5B4F4008A7C40 /* MDeepCopyTest.h */,
				20E62C571EA5B4F4008A7C40 /* MDeepCopyTest.m */,
				20E62C511EA5B430008A7C40 /* DeepCopyViewController.h */,
				20E62C521EA5B430008A7C40 /* DeepCopyViewController.m */,
				20E62C531EA5B430008A7C40 /* DeepCopyViewController.xib */,
			);
			name = "深拷贝";
			sourceTree = "<group>";
		};
		20E62C641EA5C626008A7C40 /* 更新检测 */ = {
			isa = PBXGroup;
			children = (
				20E62C651EA5C665008A7C40 /* UpgradeViewController.h */,
				20E62C661EA5C665008A7C40 /* UpgradeViewController.m */,
				20E62C671EA5C665008A7C40 /* UpgradeViewController.xib */,
			);
			name = "更新检测";
			sourceTree = "<group>";
		};
		20F713961D6D52D800798D56 /* 高度可变的输入框 */ = {
			isa = PBXGroup;
			children = (
				20F713991D6D535700798D56 /* AdjustingTextViewController.h */,
				20F7139A1D6D535700798D56 /* AdjustingTextViewController.m */,
				20F7139B1D6D535700798D56 /* AdjustingTextViewController.xib */,
			);
			name = "高度可变的输入框";
			sourceTree = "<group>";
		};
/* End PBXGroup section */

/* Begin PBXNativeTarget section */
		208C8B9E1BD4EF6E00E55D5D /* JYKitTest */ = {
			isa = PBXNativeTarget;
			buildConfigurationList = 208C8BCC1BD4EF6E00E55D5D /* Build configuration list for PBXNativeTarget "JYKitTest" */;
			buildPhases = (
				208C8B9B1BD4EF6E00E55D5D /* Sources */,
				208C8B9C1BD4EF6E00E55D5D /* Frameworks */,
				208C8B9D1BD4EF6E00E55D5D /* Resources */,
				2087C1CA1BD4FF7200A3D53F /* Embed Frameworks */,
			);
			buildRules = (
			);
			dependencies = (
				2087C1C91BD4FF7200A3D53F /* PBXTargetDependency */,
			);
			name = JYKitTest;
			productName = JYKitTest;
			productReference = 208C8B9F1BD4EF6E00E55D5D /* JYKitTest.app */;
			productType = "com.apple.product-type.application";
		};
		208C8BB71BD4EF6E00E55D5D /* JYKitTestTests */ = {
			isa = PBXNativeTarget;
			buildConfigurationList = 208C8BCF1BD4EF6E00E55D5D /* Build configuration list for PBXNativeTarget "JYKitTestTests" */;
			buildPhases = (
				208C8BB41BD4EF6E00E55D5D /* Sources */,
				208C8BB51BD4EF6E00E55D5D /* Frameworks */,
				208C8BB61BD4EF6E00E55D5D /* Resources */,
			);
			buildRules = (
			);
			dependencies = (
				208C8BBA1BD4EF6E00E55D5D /* PBXTargetDependency */,
			);
			name = JYKitTestTests;
			productName = JYKitTestTests;
			productReference = 208C8BB81BD4EF6E00E55D5D /* JYKitTestTests.xctest */;
			productType = "com.apple.product-type.bundle.unit-test";
		};
		208C8BC21BD4EF6E00E55D5D /* JYKitTestUITests */ = {
			isa = PBXNativeTarget;
			buildConfigurationList = 208C8BD21BD4EF6E00E55D5D /* Build configuration list for PBXNativeTarget "JYKitTestUITests" */;
			buildPhases = (
				208C8BBF1BD4EF6E00E55D5D /* Sources */,
				208C8BC01BD4EF6E00E55D5D /* Frameworks */,
				208C8BC11BD4EF6E00E55D5D /* Resources */,
			);
			buildRules = (
			);
			dependencies = (
				208C8BC51BD4EF6E00E55D5D /* PBXTargetDependency */,
			);
			name = JYKitTestUITests;
			productName = JYKitTestUITests;
			productReference = 208C8BC31BD4EF6E00E55D5D /* JYKitTestUITests.xctest */;
			productType = "com.apple.product-type.bundle.ui-testing";
		};
/* End PBXNativeTarget section */

/* Begin PBXProject section */
		208C8B971BD4EF6E00E55D5D /* Project object */ = {
			isa = PBXProject;
			attributes = {
				LastUpgradeCheck = 0700;
				ORGANIZATIONNAME = FALSESHEEP;
				TargetAttributes = {
					208C8B9E1BD4EF6E00E55D5D = {
						CreatedOnToolsVersion = 7.0.1;
						DevelopmentTeam = 8MSQ7CSLJJ;
					};
					208C8BB71BD4EF6E00E55D5D = {
						CreatedOnToolsVersion = 7.0.1;
						TestTargetID = 208C8B9E1BD4EF6E00E55D5D;
					};
					208C8BC21BD4EF6E00E55D5D = {
						CreatedOnToolsVersion = 7.0.1;
						TestTargetID = 208C8B9E1BD4EF6E00E55D5D;
					};
				};
			};
			buildConfigurationList = 208C8B9A1BD4EF6E00E55D5D /* Build configuration list for PBXProject "JYKitTest" */;
			compatibilityVersion = "Xcode 3.2";
			developmentRegion = English;
			hasScannedForEncodings = 0;
			knownRegions = (
				en,
				Base,
			);
			mainGroup = 208C8B961BD4EF6E00E55D5D;
			productRefGroup = 208C8BA01BD4EF6E00E55D5D /* Products */;
			projectDirPath = "";
			projectReferences = (
				{
					ProductGroup = 208C8BD61BD4EF8400E55D5D /* Products */;
					ProjectRef = 208C8BD51BD4EF8400E55D5D /* JYKit.xcodeproj */;
				},
			);
			projectRoot = "";
			targets = (
				208C8B9E1BD4EF6E00E55D5D /* JYKitTest */,
				208C8BB71BD4EF6E00E55D5D /* JYKitTestTests */,
				208C8BC21BD4EF6E00E55D5D /* JYKitTestUITests */,
			);
		};
/* End PBXProject section */

/* Begin PBXReferenceProxy section */
		208C8BDC1BD4EF8400E55D5D /* JYKit.framework */ = {
			isa = PBXReferenceProxy;
			fileType = wrapper.framework;
			path = JYKit.framework;
			remoteRef = 208C8BDB1BD4EF8400E55D5D /* PBXContainerItemProxy */;
			sourceTree = BUILT_PRODUCTS_DIR;
		};
		208C8BDE1BD4EF8400E55D5D /* JYKitTests.xctest */ = {
			isa = PBXReferenceProxy;
			fileType = wrapper.cfbundle;
			path = JYKitTests.xctest;
			remoteRef = 208C8BDD1BD4EF8400E55D5D /* PBXContainerItemProxy */;
			sourceTree = BUILT_PRODUCTS_DIR;
		};
/* End PBXReferenceProxy section */

/* Begin PBXResourcesBuildPhase section */
		208C8B9D1BD4EF6E00E55D5D /* Resources */ = {
			isa = PBXResourcesBuildPhase;
			buildActionMask = 2147483647;
			files = (
				2049897D1D0D058100894ACF /* ButtonBlockViewController.xib in Resources */,
				20F7139D1D6D535700798D56 /* AdjustingTextViewController.xib in Resources */,
				20E62C691EA5C665008A7C40 /* UpgradeViewController.xib in Resources */,
				2059AF821D7D3BD200C6DE23 /* QRCodeViewController.xib in Resources */,
				20E62C551EA5B430008A7C40 /* DeepCopyViewController.xib in Resources */,
				205398BE1D0D45DA00B34DA1 /* ImageSizeViewController.xib in Resources */,
				20C12D521D618DBE00E2FF38 /* ShapeViewViewController.xib in Resources */,
				2005BDE41D17E6FB00AA9814 /* ControlLoadingViewController.xib in Resources */,
				2005BDEB1D17F5FB00AA9814 /* LoadingViewController.xib in Resources */,
				2079C1191D10EFFF00A4315A /* GradientViewController.xib in Resources */,
				2079C1A81D11208700A4315A /* PopPresentedViewController.xib in Resources */,
				204B2E961D1008EA00F9C88C /* DashLineViewController.xib in Resources */,
				208C8BB21BD4EF6E00E55D5D /* LaunchScreen.storyboard in Resources */,
				2079C1A31D11207900A4315A /* PopPresentingViewController.xib in Resources */,
				205398AD1D0D2CDF00B34DA1 /* ColorViewController.xib in Resources */,
				208C8BAF1BD4EF6E00E55D5D /* Assets.xcassets in Resources */,
				2079C1D01D11404800A4315A /* JDDetailViewController.xib in Resources */,
				208C8BAD1BD4EF6E00E55D5D /* Main.storyboard in Resources */,
				205398D41D0D5F2E00B34DA1 /* FlexContentViewController.xib in Resources */,
				2079C1CB1D11403800A4315A /* JDMasterViewController.xib in Resources */,
				2079C1C61D113FD200A4315A /* JDMenuViewController.xib in Resources */,
				204B2E901D10039100F9C88C /* HideNavLineViewController.xib in Resources */,
				205398DF1D0D64F500B34DA1 /* ButtonImagePositionViewController.xib in Resources */,
				205398B81D0D41BC00B34DA1 /* ImageColorViewController.xib in Resources */,
				204989891D0D0F3400894ACF /* CropViewController.xib in Resources */,
			);
			runOnlyForDeploymentPostprocessing = 0;
		};
		208C8BB61BD4EF6E00E55D5D /* Resources */ = {
			isa = PBXResourcesBuildPhase;
			buildActionMask = 2147483647;
			files = (
			);
			runOnlyForDeploymentPostprocessing = 0;
		};
		208C8BC11BD4EF6E00E55D5D /* Resources */ = {
			isa = PBXResourcesBuildPhase;
			buildActionMask = 2147483647;
			files = (
			);
			runOnlyForDeploymentPostprocessing = 0;
		};
/* End PBXResourcesBuildPhase section */

/* Begin PBXSourcesBuildPhase section */
		208C8B9B1BD4EF6E00E55D5D /* Sources */ = {
			isa = PBXSourcesBuildPhase;
			buildActionMask = 2147483647;
			files = (
				208C8BAA1BD4EF6E00E55D5D /* ViewController.m in Sources */,
				204989751D0D003900894ACF /* BaseViewController.m in Sources */,
				204989871D0D0EBD00894ACF /* CropViewController.m in Sources */,
				2005BDE81D17EF1100AA9814 /* LoadingBaseViewController.m in Sources */,
				205398BD1D0D45DA00B34DA1 /* ImageSizeViewController.m in Sources */,
				2059AF811D7D3BD200C6DE23 /* QRCodeViewController.m in Sources */,
				2079C1CA1D11403800A4315A /* JDMasterViewController.m in Sources */,
				208C8BA71BD4EF6E00E55D5D /* AppDelegate.m in Sources */,
				20C12D511D618DBE00E2FF38 /* ShapeViewViewController.m in Sources */,
				2079C1A21D11207900A4315A /* PopPresentingViewController.m in Sources */,
				20F7139C1D6D535700798D56 /* AdjustingTextViewController.m in Sources */,
				20E62C541EA5B430008A7C40 /* DeepCopyViewController.m in Sources */,
				2005BDE31D17E6FB00AA9814 /* ControlLoadingViewController.m in Sources */,
				204989711D0CFDE000894ACF /* NavBackItemViewController.m in Sources */,
				2079C1A71D11208700A4315A /* PopPresentedViewController.m in Sources */,
				205398AB1D0D2C2600B34DA1 /* ColorViewController.m in Sources */,
				2005BDDE1D17E53800AA9814 /* LoadingViewController.m in Sources */,
				205398D31D0D5F2E00B34DA1 /* FlexContentViewController.m in Sources */,
				204989821D0D06ED00894ACF /* DashLineViewController.m in Sources */,
				20E62C581EA5B4F4008A7C40 /* MDeepCopyTest.m in Sources */,
				2079C1181D10EFFF00A4315A /* GradientViewController.m in Sources */,
				204989791D0D04DA00894ACF /* ButtonBlockViewController.m in Sources */,
				2079C1C51D113FD200A4315A /* JDMenuViewController.m in Sources */,
				204B2E8F1D10039100F9C88C /* HideNavLineViewController.m in Sources */,
				205398DE1D0D64F500B34DA1 /* ButtonImagePositionViewController.m in Sources */,
				205398B71D0D41BC00B34DA1 /* ImageColorViewController.m in Sources */,
				208C8BA41BD4EF6E00E55D5D /* main.m in Sources */,
				20E62C681EA5C665008A7C40 /* UpgradeViewController.m in Sources */,
				2079C1CF1D11404800A4315A /* JDDetailViewController.m in Sources */,
				20DE2FC61D65ADD500832F04 /* CircleSliderViewController.m in Sources */,
			);
			runOnlyForDeploymentPostprocessing = 0;
		};
		208C8BB41BD4EF6E00E55D5D /* Sources */ = {
			isa = PBXSourcesBuildPhase;
			buildActionMask = 2147483647;
			files = (
				208C8BBD1BD4EF6E00E55D5D /* JYKitTestTests.m in Sources */,
			);
			runOnlyForDeploymentPostprocessing = 0;
		};
		208C8BBF1BD4EF6E00E55D5D /* Sources */ = {
			isa = PBXSourcesBuildPhase;
			buildActionMask = 2147483647;
			files = (
				208C8BC81BD4EF6E00E55D5D /* JYKitTestUITests.m in Sources */,
			);
			runOnlyForDeploymentPostprocessing = 0;
		};
/* End PBXSourcesBuildPhase section */

/* Begin PBXTargetDependency section */
		2087C1C91BD4FF7200A3D53F /* PBXTargetDependency */ = {
			isa = PBXTargetDependency;
			name = JYKit;
			targetProxy = 2087C1C81BD4FF7200A3D53F /* PBXContainerItemProxy */;
		};
		208C8BBA1BD4EF6E00E55D5D /* PBXTargetDependency */ = {
			isa = PBXTargetDependency;
			target = 208C8B9E1BD4EF6E00E55D5D /* JYKitTest */;
			targetProxy = 208C8BB91BD4EF6E00E55D5D /* PBXContainerItemProxy */;
		};
		208C8BC51BD4EF6E00E55D5D /* PBXTargetDependency */ = {
			isa = PBXTargetDependency;
			target = 208C8B9E1BD4EF6E00E55D5D /* JYKitTest */;
			targetProxy = 208C8BC41BD4EF6E00E55D5D /* PBXContainerItemProxy */;
		};
/* End PBXTargetDependency section */

/* Begin PBXVariantGroup section */
		208C8BAB1BD4EF6E00E55D5D /* Main.storyboard */ = {
			isa = PBXVariantGroup;
			children = (
				208C8BAC1BD4EF6E00E55D5D /* Base */,
			);
			name = Main.storyboard;
			sourceTree = "<group>";
		};
		208C8BB01BD4EF6E00E55D5D /* LaunchScreen.storyboard */ = {
			isa = PBXVariantGroup;
			children = (
				208C8BB11BD4EF6E00E55D5D /* Base */,
			);
			name = LaunchScreen.storyboard;
			sourceTree = "<group>";
		};
/* End PBXVariantGroup section */

/* Begin XCBuildConfiguration section */
		208C8BCA1BD4EF6E00E55D5D /* Debug */ = {
			isa = XCBuildConfiguration;
			buildSettings = {
				ALWAYS_SEARCH_USER_PATHS = NO;
				CLANG_CXX_LANGUAGE_STANDARD = "gnu++0x";
				CLANG_CXX_LIBRARY = "libc++";
				CLANG_ENABLE_MODULES = YES;
				CLANG_ENABLE_OBJC_ARC = YES;
				CLANG_WARN_BOOL_CONVERSION = YES;
				CLANG_WARN_CONSTANT_CONVERSION = YES;
				CLANG_WARN_DIRECT_OBJC_ISA_USAGE = YES_ERROR;
				CLANG_WARN_EMPTY_BODY = YES;
				CLANG_WARN_ENUM_CONVERSION = YES;
				CLANG_WARN_INT_CONVERSION = YES;
				CLANG_WARN_OBJC_ROOT_CLASS = YES_ERROR;
				CLANG_WARN_UNREACHABLE_CODE = YES;
				CLANG_WARN__DUPLICATE_METHOD_MATCH = YES;
				"CODE_SIGN_IDENTITY[sdk=iphoneos*]" = "iPhone Developer";
				COPY_PHASE_STRIP = NO;
				DEBUG_INFORMATION_FORMAT = dwarf;
				ENABLE_STRICT_OBJC_MSGSEND = YES;
				ENABLE_TESTABILITY = YES;
				GCC_C_LANGUAGE_STANDARD = gnu99;
				GCC_DYNAMIC_NO_PIC = NO;
				GCC_NO_COMMON_BLOCKS = YES;
				GCC_OPTIMIZATION_LEVEL = 0;
				GCC_PREPROCESSOR_DEFINITIONS = (
					"DEBUG=1",
					"$(inherited)",
				);
				GCC_WARN_64_TO_32_BIT_CONVERSION = YES;
				GCC_WARN_ABOUT_RETURN_TYPE = YES_ERROR;
				GCC_WARN_UNDECLARED_SELECTOR = YES;
				GCC_WARN_UNINITIALIZED_AUTOS = YES_AGGRESSIVE;
				GCC_WARN_UNUSED_FUNCTION = YES;
				GCC_WARN_UNUSED_VARIABLE = YES;
				IPHONEOS_DEPLOYMENT_TARGET = 9.0;
				MTL_ENABLE_DEBUG_INFO = YES;
				ONLY_ACTIVE_ARCH = YES;
				SDKROOT = iphoneos;
			};
			name = Debug;
		};
		208C8BCB1BD4EF6E00E55D5D /* Release */ = {
			isa = XCBuildConfiguration;
			buildSettings = {
				ALWAYS_SEARCH_USER_PATHS = NO;
				CLANG_CXX_LANGUAGE_STANDARD = "gnu++0x";
				CLANG_CXX_LIBRARY = "libc++";
				CLANG_ENABLE_MODULES = YES;
				CLANG_ENABLE_OBJC_ARC = YES;
				CLANG_WARN_BOOL_CONVERSION = YES;
				CLANG_WARN_CONSTANT_CONVERSION = YES;
				CLANG_WARN_DIRECT_OBJC_ISA_USAGE = YES_ERROR;
				CLANG_WARN_EMPTY_BODY = YES;
				CLANG_WARN_ENUM_CONVERSION = YES;
				CLANG_WARN_INT_CONVERSION = YES;
				CLANG_WARN_OBJC_ROOT_CLASS = YES_ERROR;
				CLANG_WARN_UNREACHABLE_CODE = YES;
				CLANG_WARN__DUPLICATE_METHOD_MATCH = YES;
				"CODE_SIGN_IDENTITY[sdk=iphoneos*]" = "iPhone Developer";
				COPY_PHASE_STRIP = NO;
				DEBUG_INFORMATION_FORMAT = "dwarf-with-dsym";
				ENABLE_NS_ASSERTIONS = NO;
				ENABLE_STRICT_OBJC_MSGSEND = YES;
				GCC_C_LANGUAGE_STANDARD = gnu99;
				GCC_NO_COMMON_BLOCKS = YES;
				GCC_WARN_64_TO_32_BIT_CONVERSION = YES;
				GCC_WARN_ABOUT_RETURN_TYPE = YES_ERROR;
				GCC_WARN_UNDECLARED_SELECTOR = YES;
				GCC_WARN_UNINITIALIZED_AUTOS = YES_AGGRESSIVE;
				GCC_WARN_UNUSED_FUNCTION = YES;
				GCC_WARN_UNUSED_VARIABLE = YES;
				IPHONEOS_DEPLOYMENT_TARGET = 9.0;
				MTL_ENABLE_DEBUG_INFO = NO;
				SDKROOT = iphoneos;
				VALIDATE_PRODUCT = YES;
			};
			name = Release;
		};
		208C8BCD1BD4EF6E00E55D5D /* Debug */ = {
			isa = XCBuildConfiguration;
			buildSettings = {
				ASSETCATALOG_COMPILER_APPICON_NAME = AppIcon;
				CODE_SIGN_IDENTITY = "iPhone Developer";
				GCC_PREFIX_HEADER = "$(SRCROOT)/JYKitTest/PrefixHeader.pch";
				INFOPLIST_FILE = JYKitTest/Info.plist;
				IPHONEOS_DEPLOYMENT_TARGET = 8.0;
				LD_RUNPATH_SEARCH_PATHS = "$(inherited) @executable_path/Frameworks";
				PRODUCT_BUNDLE_IDENTIFIER = com.falsesheep.JYKitTest;
				PRODUCT_NAME = "$(TARGET_NAME)";
			};
			name = Debug;
		};
		208C8BCE1BD4EF6E00E55D5D /* Release */ = {
			isa = XCBuildConfiguration;
			buildSettings = {
				ASSETCATALOG_COMPILER_APPICON_NAME = AppIcon;
				CODE_SIGN_IDENTITY = "iPhone Developer";
				GCC_PREFIX_HEADER = "$(SRCROOT)/JYKitTest/PrefixHeader.pch";
				INFOPLIST_FILE = JYKitTest/Info.plist;
				IPHONEOS_DEPLOYMENT_TARGET = 8.0;
				LD_RUNPATH_SEARCH_PATHS = "$(inherited) @executable_path/Frameworks";
				PRODUCT_BUNDLE_IDENTIFIER = com.falsesheep.JYKitTest;
				PRODUCT_NAME = "$(TARGET_NAME)";
			};
			name = Release;
		};
		208C8BD01BD4EF6E00E55D5D /* Debug */ = {
			isa = XCBuildConfiguration;
			buildSettings = {
				BUNDLE_LOADER = "$(TEST_HOST)";
				INFOPLIST_FILE = JYKitTestTests/Info.plist;
				LD_RUNPATH_SEARCH_PATHS = "$(inherited) @executable_path/Frameworks @loader_path/Frameworks";
				PRODUCT_BUNDLE_IDENTIFIER = com.falsesheep.JYKitTestTests;
				PRODUCT_NAME = "$(TARGET_NAME)";
				TEST_HOST = "$(BUILT_PRODUCTS_DIR)/JYKitTest.app/JYKitTest";
			};
			name = Debug;
		};
		208C8BD11BD4EF6E00E55D5D /* Release */ = {
			isa = XCBuildConfiguration;
			buildSettings = {
				BUNDLE_LOADER = "$(TEST_HOST)";
				INFOPLIST_FILE = JYKitTestTests/Info.plist;
				LD_RUNPATH_SEARCH_PATHS = "$(inherited) @executable_path/Frameworks @loader_path/Frameworks";
				PRODUCT_BUNDLE_IDENTIFIER = com.falsesheep.JYKitTestTests;
				PRODUCT_NAME = "$(TARGET_NAME)";
				TEST_HOST = "$(BUILT_PRODUCTS_DIR)/JYKitTest.app/JYKitTest";
			};
			name = Release;
		};
		208C8BD31BD4EF6E00E55D5D /* Debug */ = {
			isa = XCBuildConfiguration;
			buildSettings = {
				INFOPLIST_FILE = JYKitTestUITests/Info.plist;
				LD_RUNPATH_SEARCH_PATHS = "$(inherited) @executable_path/Frameworks @loader_path/Frameworks";
				PRODUCT_BUNDLE_IDENTIFIER = com.falsesheep.JYKitTestUITests;
				PRODUCT_NAME = "$(TARGET_NAME)";
				TEST_TARGET_NAME = JYKitTest;
				USES_XCTRUNNER = YES;
			};
			name = Debug;
		};
		208C8BD41BD4EF6E00E55D5D /* Release */ = {
			isa = XCBuildConfiguration;
			buildSettings = {
				INFOPLIST_FILE = JYKitTestUITests/Info.plist;
				LD_RUNPATH_SEARCH_PATHS = "$(inherited) @executable_path/Frameworks @loader_path/Frameworks";
				PRODUCT_BUNDLE_IDENTIFIER = com.falsesheep.JYKitTestUITests;
				PRODUCT_NAME = "$(TARGET_NAME)";
				TEST_TARGET_NAME = JYKitTest;
				USES_XCTRUNNER = YES;
			};
			name = Release;
		};
/* End XCBuildConfiguration section */

/* Begin XCConfigurationList section */
		208C8B9A1BD4EF6E00E55D5D /* Build configuration list for PBXProject "JYKitTest" */ = {
			isa = XCConfigurationList;
			buildConfigurations = (
				208C8BCA1BD4EF6E00E55D5D /* Debug */,
				208C8BCB1BD4EF6E00E55D5D /* Release */,
			);
			defaultConfigurationIsVisible = 0;
			defaultConfigurationName = Release;
		};
		208C8BCC1BD4EF6E00E55D5D /* Build configuration list for PBXNativeTarget "JYKitTest" */ = {
			isa = XCConfigurationList;
			buildConfigurations = (
				208C8BCD1BD4EF6E00E55D5D /* Debug */,
				208C8BCE1BD4EF6E00E55D5D /* Release */,
			);
			defaultConfigurationIsVisible = 0;
			defaultConfigurationName = Release;
		};
		208C8BCF1BD4EF6E00E55D5D /* Build configuration list for PBXNativeTarget "JYKitTestTests" */ = {
			isa = XCConfigurationList;
			buildConfigurations = (
				208C8BD01BD4EF6E00E55D5D /* Debug */,
				208C8BD11BD4EF6E00E55D5D /* Release */,
			);
			defaultConfigurationIsVisible = 0;
			defaultConfigurationName = Release;
		};
		208C8BD21BD4EF6E00E55D5D /* Build configuration list for PBXNativeTarget "JYKitTestUITests" */ = {
			isa = XCConfigurationList;
			buildConfigurations = (
				208C8BD31BD4EF6E00E55D5D /* Debug */,
				208C8BD41BD4EF6E00E55D5D /* Release */,
			);
			defaultConfigurationIsVisible = 0;
			defaultConfigurationName = Release;
		};
/* End XCConfigurationList section */
	};
	rootObject = 208C8B971BD4EF6E00E55D5D /* Project object */;
}
